{
  "requires": true,
  "lockfileVersion": 1,
  "dependencies": {
    "@angular/animations": {
      "version": "15.0.3",
      "resolved": "https://registry.npmjs.org/@angular/animations/-/animations-15.0.3.tgz",
      "integrity": "sha512-kwUprQMjMvMawpyd5aLzW9DWLd7grlzm4ut4YIqXRf1UJm35KsTjwhvQWNj481u2gUjKxD2rBfkVakyzW5Na3A==",
      "requires": {
        "tslib": "^2.3.0"
      },
      "dependencies": {
        "tslib": {
          "version": "2.4.1",
          "resolved": "https://registry.npmjs.org/tslib/-/tslib-2.4.1.tgz",
          "integrity": "sha512-tGyy4dAjRIEwI7BzsB0lynWgOpfqjUdq91XXAlIWD2OwKBH7oCl/GZG/HT4BOHrTlPMOASlMQ7veyTqpmRcrNA=="
        }
      }
    },
    "ngx-toastr": {
      "version": "12.1.0",
      "resolved": "https://registry.npmjs.org/ngx-toastr/-/ngx-toastr-12.1.0.tgz",
      "integrity": "sha512-rytCRBhvuudj614Kfj9GoIVQDrFuLvHSMP1YrMwTmR1SNkNJZOpGKmaSDCCBrNDkSrGouzMWBlFbl1UDBBsiqw==",
      "requires": {
        "tslib": "^1.10.0"
      }
    },
    "tslib": {
      "version": "1.14.1",
      "resolved": "https://registry.npmjs.org/tslib/-/tslib-1.14.1.tgz",
      "integrity": "sha512-Xni35NKzjgMrwevysHTCArtLDpPvye8zV/0E4EyYn43P7/7qvQwPh9BGkHewbMulVntbigmcT7rdX3BNo9wRJg=="
    }
  }
}
